
Microsoft Visual Studio Solution File, Format Version 12.00
# Visual Studio Version 17
VisualStudioVersion = 17.3.32901.215
MinimumVisualStudioVersion = 10.0.40219.1
Project("{FAE04EC0-301F-11D3-BF4B-00C04F79EFBC}") = "XML_Web", "IRF_ZH_02_Felkeszules\XML_Web.csproj", "{AD762204-669F-4680-99E9-5B4C069C0673}"
EndProject
Project("{FAE04EC0-301F-11D3-BF4B-00C04F79EFBC}") = "XML_File", "XML_File\XML_File.csproj", "{7115C063-65A1-4006-9C7F-0F223EE482D3}"
EndProject
Project("{FAE04EC0-301F-11D3-BF4B-00C04F79EFBC}") = "Abstraction", "Abstraction\Abstraction.csproj", "{E56E4313-628E-42DC-9FA4-C594F05625D4}"
EndProject
Project("{FAE04EC0-301F-11D3-BF4B-00C04F79EFBC}") = "MintaZH", "MintaZH\MintaZH.csproj", "{C763CD59-8DC8-41AB-80AD-A432F6A0A549}"
EndProject
Global
	GlobalSection(SolutionConfigurationPlatforms) = preSolution
		Debug|Any CPU = Debug|Any CPU
		Release|Any CPU = Release|Any CPU
	EndGlobalSection
	GlobalSection(ProjectConfigurationPlatforms) = postSolution
		{AD762204-669F-4680-99E9-5B4C069C0673}.Debug|Any CPU.ActiveCfg = Debug|Any CPU
		{AD762204-669F-4680-99E9-5B4C069C0673}.Debug|Any CPU.Build.0 = Debug|Any CPU
		{AD762204-669F-4680-99E9-5B4C069C0673}.Release|Any CPU.ActiveCfg = Release|Any CPU
		{AD762204-669F-4680-99E9-5B4C069C0673}.Release|Any CPU.Build.0 = Release|Any CPU
		{7115C063-65A1-4006-9C7F-0F223EE482D3}.Debug|Any CPU.ActiveCfg = Debug|Any CPU
		{7115C063-65A1-4006-9C7F-0F223EE482D3}.Debug|Any CPU.Build.0 = Debug|Any CPU
		{7115C063-65A1-4006-9C7F-0F223EE482D3}.Release|Any CPU.ActiveCfg = Release|Any CPU
		{7115C063-65A1-4006-9C7F-0F223EE482D3}.Release|Any CPU.Build.0 = Release|Any CPU
		{E56E4313-628E-42DC-9FA4-C594F05625D4}.Debug|Any CPU.ActiveCfg = Debug|Any CPU
		{E56E4313-628E-42DC-9FA4-C594F05625D4}.Debug|Any CPU.Build.0 = Debug|Any CPU
		{E56E4313-628E-42DC-9FA4-C594F05625D4}.Release|Any CPU.ActiveCfg = Release|Any CPU
		{E56E4313-628E-42DC-9FA4-C594F05625D4}.Release|Any CPU.Build.0 = Release|Any CPU
		{C763CD59-8DC8-41AB-80AD-A432F6A0A549}.Debug|Any CPU.ActiveCfg = Debug|Any CPU
		{C763CD59-8DC8-41AB-80AD-A432F6A0A549}.Debug|Any CPU.Build.0 = Debug|Any CPU
		{C763CD59-8DC8-41AB-80AD-A432F6A0A549}.Release|Any CPU.ActiveCfg = Release|Any CPU
		{C763CD59-8DC8-41AB-80AD-A432F6A0A549}.Release|Any CPU.Build.0 = Release|Any CPU
	EndGlobalSection
	GlobalSection(SolutionProperties) = preSolution
		HideSolutionNode = FALSE
	EndGlobalSection
	GlobalSection(ExtensibilityGlobals) = postSolution
		SolutionGuid = {473516E3-AD43-450D-BFE6-F83C1E74D858}
	EndGlobalSection
EndGlobal
